
Microsoft Visual Studio Solution File, Format Version 12.00
# Visual Studio 15
Project("{FAE04EC0-301F-11D3-BF4B-00C04F79EFBC}") = "Assembly-CSharp", "Assembly-CSharp.csproj", "{B3FEA102-2514-91D5-B425-A2C05395CBFB}"
EndProject
Project("{FAE04EC0-301F-11D3-BF4B-00C04F79EFBC}") = "Assembly-CSharp-firstpass", "Assembly-CSharp-firstpass.csproj", "{125B854E-8040-1D24-43E3-FD0C9DC784CA}"
EndProject
Global
	GlobalSection(SolutionConfigurationPlatforms) = preSolution
		Debug|Any CPU = Debug|Any CPU
		Release|Any CPU = Release|Any CPU
	EndGlobalSection
	GlobalSection(ProjectConfigurationPlatforms) = postSolution
		{B3FEA102-2514-91D5-B425-A2C05395CBFB}.Debug|Any CPU.ActiveCfg = Debug|Any CPU
		{B3FEA102-2514-91D5-B425-A2C05395CBFB}.Debug|Any CPU.Build.0 = Debug|Any CPU
		{B3FEA102-2514-91D5-B425-A2C05395CBFB}.Release|Any CPU.ActiveCfg = Release|Any CPU
		{B3FEA102-2514-91D5-B425-A2C05395CBFB}.Release|Any CPU.Build.0 = Release|Any CPU
		{125B854E-8040-1D24-43E3-FD0C9DC784CA}.Debug|Any CPU.ActiveCfg = Debug|Any CPU
		{125B854E-8040-1D24-43E3-FD0C9DC784CA}.Debug|Any CPU.Build.0 = Debug|Any CPU
		{125B854E-8040-1D24-43E3-FD0C9DC784CA}.Release|Any CPU.ActiveCfg = Release|Any CPU
		{125B854E-8040-1D24-43E3-FD0C9DC784CA}.Release|Any CPU.Build.0 = Release|Any CPU
	EndGlobalSection
	GlobalSection(SolutionProperties) = preSolution
		HideSolutionNode = FALSE
	EndGlobalSection
EndGlobal
